
Microsoft Visual Studio Solution File, Format Version 12.00
# Visual Studio Version 17
VisualStudioVersion = 17.10.35027.167
MinimumVisualStudioVersion = 10.0.40219.1
Project("{FAE04EC0-301F-11D3-BF4B-00C04F79EFBC}") = "Tiara nyoba", "Tiara nyoba.csproj", "{D88969B1-8990-4866-87E5-662FBD6DB2B1}"
EndProject
Global
	GlobalSection(SolutionConfigurationPlatforms) = preSolution
		Debug|Any CPU = Debug|Any CPU
		Release|Any CPU = Release|Any CPU
	EndGlobalSection
	GlobalSection(ProjectConfigurationPlatforms) = postSolution
		{D88969B1-8990-4866-87E5-662FBD6DB2B1}.Debug|Any CPU.ActiveCfg = Debug|Any CPU
		{D88969B1-8990-4866-87E5-662FBD6DB2B1}.Debug|Any CPU.Build.0 = Debug|Any CPU
		{D88969B1-8990-4866-87E5-662FBD6DB2B1}.Release|Any CPU.ActiveCfg = Release|Any CPU
		{D88969B1-8990-4866-87E5-662FBD6DB2B1}.Release|Any CPU.Build.0 = Release|Any CPU
	EndGlobalSection
	GlobalSection(SolutionProperties) = preSolution
		HideSolutionNode = FALSE
	EndGlobalSection
	GlobalSection(ExtensibilityGlobals) = postSolution
		SolutionGuid = {42F99301-B8F8-4EE3-87ED-33BBC68099BB}
	EndGlobalSection
EndGlobal
